
Microsoft Visual Studio Solution File, Format Version 12.00
# Visual Studio Version 16
VisualStudioVersion = 16.0.29424.173
MinimumVisualStudioVersion = 10.0.40219.1
Project("{FAE04EC0-301F-11D3-BF4B-00C04F79EFBC}") = "GuessTheNumberGame", "GuessTheNumberGame.csproj", "{EB6AC028-7776-40A8-BBC4-483A7052E0EB}"
EndProject
Global
	GlobalSection(SolutionConfigurationPlatforms) = preSolution
		Debug|Any CPU = Debug|Any CPU
		Release|Any CPU = Release|Any CPU
	EndGlobalSection
	GlobalSection(ProjectConfigurationPlatforms) = postSolution
		{EB6AC028-7776-40A8-BBC4-483A7052E0EB}.Debug|Any CPU.ActiveCfg = Debug|Any CPU
		{EB6AC028-7776-40A8-BBC4-483A7052E0EB}.Debug|Any CPU.Build.0 = Debug|Any CPU
		{EB6AC028-7776-40A8-BBC4-483A7052E0EB}.Release|Any CPU.ActiveCfg = Release|Any CPU
		{EB6AC028-7776-40A8-BBC4-483A7052E0EB}.Release|Any CPU.Build.0 = Release|Any CPU
	EndGlobalSection
	GlobalSection(SolutionProperties) = preSolution
		HideSolutionNode = FALSE
	EndGlobalSection
	GlobalSection(ExtensibilityGlobals) = postSolution
		SolutionGuid = {BE3F5E3C-92E2-44AF-81A1-D46C1D76A045}
	EndGlobalSection
EndGlobal
